
Microsoft Visual Studio Solution File, Format Version 12.00
# Visual Studio Version 16
VisualStudioVersion = 16.0.31112.23
MinimumVisualStudioVersion = 10.0.40219.1
Project("{9A19103F-16F7-4668-BE54-9A1E7A4F7556}") = "Messager", "Messager.csproj", "{5DAFB43C-D1AB-46C9-A432-00AE143FD28C}"
EndProject
Global
	GlobalSection(SolutionConfigurationPlatforms) = preSolution
		Debug|Any CPU = Debug|Any CPU
		Release|Any CPU = Release|Any CPU
	EndGlobalSection
	GlobalSection(ProjectConfigurationPlatforms) = postSolution
		{5DAFB43C-D1AB-46C9-A432-00AE143FD28C}.Debug|Any CPU.ActiveCfg = Debug|Any CPU
		{5DAFB43C-D1AB-46C9-A432-00AE143FD28C}.Debug|Any CPU.Build.0 = Debug|Any CPU
		{5DAFB43C-D1AB-46C9-A432-00AE143FD28C}.Release|Any CPU.ActiveCfg = Release|Any CPU
		{5DAFB43C-D1AB-46C9-A432-00AE143FD28C}.Release|Any CPU.Build.0 = Release|Any CPU
	EndGlobalSection
	GlobalSection(SolutionProperties) = preSolution
		HideSolutionNode = FALSE
	EndGlobalSection
	GlobalSection(ExtensibilityGlobals) = postSolution
		SolutionGuid = {9A9DD2CD-54FD-4F0C-A70C-058DA709D8EB}
	EndGlobalSection
EndGlobal
